{
  "requires": true,
  "lockfileVersion": 1,
  "dependencies": {
    "sortablejs": {
      "version": "1.7.0",
      "resolved": "https://registry.npmjs.org/sortablejs/-/sortablejs-1.7.0.tgz",
      "integrity": "sha1-gKKyNwq9Vo4c7IwnETHvMKkE+ig="
    },
    "vuedraggable": {
      "version": "2.16.0",
      "resolved": "https://registry.npmjs.org/vuedraggable/-/vuedraggable-2.16.0.tgz",
      "integrity": "sha512-fr9gcWKXMJlzbbtJcrQs4kU7qdOZqd4SEpAcx+r0nykbW8AygZN0aKVpadEtI53T8A2azhzCdXMvEqrLuKE2fA==",
      "requires": {
        "sortablejs": "^1.7.0"
      }
    }
  }
}
